
Microsoft Visual Studio Solution File, Format Version 12.00
# Visual Studio Version 17
VisualStudioVersion = 17.9.34723.18
MinimumVisualStudioVersion = 10.0.40219.1
Project("{9A19103F-16F7-4668-BE54-9A1E7A4F7556}") = "Playground", "C-Sharp Tests\Playground.csproj", "{0B8531BC-8AC5-4663-B63A-51865EA8154F}"
EndProject
Project("{9A19103F-16F7-4668-BE54-9A1E7A4F7556}") = "Test Create Phone Number", "Test Create Phone Number\Test Create Phone Number.csproj", "{7BB573DA-59DC-4F25-B5AB-D77851A580EA}"
EndProject
Project("{9A19103F-16F7-4668-BE54-9A1E7A4F7556}") = "Test Narcissistic Number", "Test Narcissistic Number\Test Narcissistic Number.csproj", "{94E71F24-399C-4ED7-9B22-C46C6167765D}"
EndProject
Project("{9A19103F-16F7-4668-BE54-9A1E7A4F7556}") = "Test Maskify", "Test Maskify\Test Maskify.csproj", "{DDD3490C-AB8C-446E-B453-D05B1EBDD5EC}"
EndProject
Project("{FAE04EC0-301F-11D3-BF4B-00C04F79EFBC}") = "Test Highest and Lowest", "Test Highest and Lowest\Test Highest and Lowest.csproj", "{E4BB901C-9401-4BC2-8902-637F1A6B03FB}"
EndProject
Project("{FAE04EC0-301F-11D3-BF4B-00C04F79EFBC}") = "Test IsPrime", "Test IsPrime\Test IsPrime.csproj", "{07443C18-9A4D-4DAB-8165-576A114AC29E}"
EndProject
Project("{FAE04EC0-301F-11D3-BF4B-00C04F79EFBC}") = "Test Greed", "Test Greed\Test Greed.csproj", "{0178DF53-DB70-488C-B589-012B5EEAEF8F}"
EndProject
Project("{FAE04EC0-301F-11D3-BF4B-00C04F79EFBC}") = "Test Pangram", "Test Pangram\Test Pangram.csproj", "{1A5E9154-E5DA-4E22-AA6C-AD238DAD9726}"
EndProject
Project("{FAE04EC0-301F-11D3-BF4B-00C04F79EFBC}") = "Test Expanded Number", "Test Expanded Number\Test Expanded Number.csproj", "{207A4430-9CFE-4E89-BF62-5DD8B8B019E2}"
EndProject
Global
	GlobalSection(SolutionConfigurationPlatforms) = preSolution
		Debug|Any CPU = Debug|Any CPU
		Release|Any CPU = Release|Any CPU
	EndGlobalSection
	GlobalSection(ProjectConfigurationPlatforms) = postSolution
		{0B8531BC-8AC5-4663-B63A-51865EA8154F}.Debug|Any CPU.ActiveCfg = Debug|Any CPU
		{0B8531BC-8AC5-4663-B63A-51865EA8154F}.Debug|Any CPU.Build.0 = Debug|Any CPU
		{0B8531BC-8AC5-4663-B63A-51865EA8154F}.Release|Any CPU.ActiveCfg = Release|Any CPU
		{0B8531BC-8AC5-4663-B63A-51865EA8154F}.Release|Any CPU.Build.0 = Release|Any CPU
		{7BB573DA-59DC-4F25-B5AB-D77851A580EA}.Debug|Any CPU.ActiveCfg = Debug|Any CPU
		{7BB573DA-59DC-4F25-B5AB-D77851A580EA}.Debug|Any CPU.Build.0 = Debug|Any CPU
		{7BB573DA-59DC-4F25-B5AB-D77851A580EA}.Release|Any CPU.ActiveCfg = Release|Any CPU
		{7BB573DA-59DC-4F25-B5AB-D77851A580EA}.Release|Any CPU.Build.0 = Release|Any CPU
		{94E71F24-399C-4ED7-9B22-C46C6167765D}.Debug|Any CPU.ActiveCfg = Debug|Any CPU
		{94E71F24-399C-4ED7-9B22-C46C6167765D}.Debug|Any CPU.Build.0 = Debug|Any CPU
		{94E71F24-399C-4ED7-9B22-C46C6167765D}.Release|Any CPU.ActiveCfg = Release|Any CPU
		{94E71F24-399C-4ED7-9B22-C46C6167765D}.Release|Any CPU.Build.0 = Release|Any CPU
		{DDD3490C-AB8C-446E-B453-D05B1EBDD5EC}.Debug|Any CPU.ActiveCfg = Debug|Any CPU
		{DDD3490C-AB8C-446E-B453-D05B1EBDD5EC}.Debug|Any CPU.Build.0 = Debug|Any CPU
		{DDD3490C-AB8C-446E-B453-D05B1EBDD5EC}.Release|Any CPU.ActiveCfg = Release|Any CPU
		{DDD3490C-AB8C-446E-B453-D05B1EBDD5EC}.Release|Any CPU.Build.0 = Release|Any CPU
		{E4BB901C-9401-4BC2-8902-637F1A6B03FB}.Debug|Any CPU.ActiveCfg = Debug|Any CPU
		{E4BB901C-9401-4BC2-8902-637F1A6B03FB}.Debug|Any CPU.Build.0 = Debug|Any CPU
		{E4BB901C-9401-4BC2-8902-637F1A6B03FB}.Release|Any CPU.ActiveCfg = Release|Any CPU
		{E4BB901C-9401-4BC2-8902-637F1A6B03FB}.Release|Any CPU.Build.0 = Release|Any CPU
		{07443C18-9A4D-4DAB-8165-576A114AC29E}.Debug|Any CPU.ActiveCfg = Debug|Any CPU
		{07443C18-9A4D-4DAB-8165-576A114AC29E}.Debug|Any CPU.Build.0 = Debug|Any CPU
		{07443C18-9A4D-4DAB-8165-576A114AC29E}.Release|Any CPU.ActiveCfg = Release|Any CPU
		{07443C18-9A4D-4DAB-8165-576A114AC29E}.Release|Any CPU.Build.0 = Release|Any CPU
		{0178DF53-DB70-488C-B589-012B5EEAEF8F}.Debug|Any CPU.ActiveCfg = Debug|Any CPU
		{0178DF53-DB70-488C-B589-012B5EEAEF8F}.Debug|Any CPU.Build.0 = Debug|Any CPU
		{0178DF53-DB70-488C-B589-012B5EEAEF8F}.Release|Any CPU.ActiveCfg = Release|Any CPU
		{0178DF53-DB70-488C-B589-012B5EEAEF8F}.Release|Any CPU.Build.0 = Release|Any CPU
		{1A5E9154-E5DA-4E22-AA6C-AD238DAD9726}.Debug|Any CPU.ActiveCfg = Debug|Any CPU
		{1A5E9154-E5DA-4E22-AA6C-AD238DAD9726}.Debug|Any CPU.Build.0 = Debug|Any CPU
		{1A5E9154-E5DA-4E22-AA6C-AD238DAD9726}.Release|Any CPU.ActiveCfg = Release|Any CPU
		{1A5E9154-E5DA-4E22-AA6C-AD238DAD9726}.Release|Any CPU.Build.0 = Release|Any CPU
		{207A4430-9CFE-4E89-BF62-5DD8B8B019E2}.Debug|Any CPU.ActiveCfg = Debug|Any CPU
		{207A4430-9CFE-4E89-BF62-5DD8B8B019E2}.Debug|Any CPU.Build.0 = Debug|Any CPU
		{207A4430-9CFE-4E89-BF62-5DD8B8B019E2}.Release|Any CPU.ActiveCfg = Release|Any CPU
		{207A4430-9CFE-4E89-BF62-5DD8B8B019E2}.Release|Any CPU.Build.0 = Release|Any CPU
	EndGlobalSection
	GlobalSection(SolutionProperties) = preSolution
		HideSolutionNode = FALSE
	EndGlobalSection
	GlobalSection(ExtensibilityGlobals) = postSolution
		SolutionGuid = {9B241393-A036-4FC6-9902-A2081C876BFF}
	EndGlobalSection
EndGlobal
